
Microsoft Visual Studio Solution File, Format Version 12.00
# Visual Studio 15
VisualStudioVersion = 15.0.27703.2035
MinimumVisualStudioVersion = 10.0.40219.1
Project("{FAE04EC0-301F-11D3-BF4B-00C04F79EFBC}") = "DeviceControlWebApp", "DeviceControlWebApp\DeviceControlWebApp.csproj", "{97B35353-10B5-4029-A660-7C4BE1CB65EC}"
EndProject
Global
	GlobalSection(SolutionConfigurationPlatforms) = preSolution
		Debug|Any CPU = Debug|Any CPU
		Release|Any CPU = Release|Any CPU
	EndGlobalSection
	GlobalSection(ProjectConfigurationPlatforms) = postSolution
		{97B35353-10B5-4029-A660-7C4BE1CB65EC}.Debug|Any CPU.ActiveCfg = Debug|Any CPU
		{97B35353-10B5-4029-A660-7C4BE1CB65EC}.Debug|Any CPU.Build.0 = Debug|Any CPU
		{97B35353-10B5-4029-A660-7C4BE1CB65EC}.Release|Any CPU.ActiveCfg = Release|Any CPU
		{97B35353-10B5-4029-A660-7C4BE1CB65EC}.Release|Any CPU.Build.0 = Release|Any CPU
	EndGlobalSection
	GlobalSection(SolutionProperties) = preSolution
		HideSolutionNode = FALSE
	EndGlobalSection
	GlobalSection(ExtensibilityGlobals) = postSolution
		SolutionGuid = {CA5BACE2-DDEC-4AFB-B33D-582A9A148D5F}
	EndGlobalSection
EndGlobal
